
Microsoft Visual Studio Solution File, Format Version 12.00
# Visual Studio 15
VisualStudioVersion = 15.0.27130.2003
MinimumVisualStudioVersion = 10.0.40219.1
Project("{8BC9CEB8-8B4A-11D0-8D11-00A0C91BC942}") = "Threading0", "Threading0\Threading0.vcxproj", "{2F259F65-8059-426E-B57B-003AADF23755}"
EndProject
Project("{8BC9CEB8-8B4A-11D0-8D11-00A0C91BC942}") = "Threading1", "Threading1\Threading1.vcxproj", "{53A58D87-34ED-4DDF-8AD6-8566C8275ED7}"
EndProject
Project("{8BC9CEB8-8B4A-11D0-8D11-00A0C91BC942}") = "Threading2", "Threading2\Threading2.vcxproj", "{EE72BD0C-D6CC-4209-BF94-CAD8DF094594}"
EndProject
Project("{8BC9CEB8-8B4A-11D0-8D11-00A0C91BC942}") = "Threading3", "Threading3\Threading3.vcxproj", "{E7E1C876-1BDF-43FB-84EF-A2A749449DEA}"
EndProject
Project("{8BC9CEB8-8B4A-11D0-8D11-00A0C91BC942}") = "Kakukktojas", "Kakukktojas\Kakukktojas.vcxproj", "{759361D4-9ACA-4968-A507-F9B3ED45864A}"
EndProject
Project("{8BC9CEB8-8B4A-11D0-8D11-00A0C91BC942}") = "Any", "Any\Any.vcxproj", "{948BE024-BF46-4DEF-80F9-2BD96F4DF201}"
EndProject
Project("{8BC9CEB8-8B4A-11D0-8D11-00A0C91BC942}") = "Any2", "Any2\Any2.vcxproj", "{8539583B-1EA7-45DC-AA04-5771A346709F}"
EndProject
Project("{8BC9CEB8-8B4A-11D0-8D11-00A0C91BC942}") = "Variadic", "Variadic\Variadic.vcxproj", "{7456FC3C-605C-49FF-81D7-6E68298EAA3D}"
EndProject
Project("{8BC9CEB8-8B4A-11D0-8D11-00A0C91BC942}") = "CellularAutomation", "CellularAutomation\CellularAutomation.vcxproj", "{62651CD3-B37C-4DBE-BF70-CBA72BD58EAB}"
EndProject
Project("{8BC9CEB8-8B4A-11D0-8D11-00A0C91BC942}") = "Classes", "Classes\Classes.vcxproj", "{089F49AD-3BB2-474C-821F-0B9CCA4984E5}"
EndProject
Project("{8BC9CEB8-8B4A-11D0-8D11-00A0C91BC942}") = "Classes_move", "Classes_move\Classes_move.vcxproj", "{1BAD7BA7-DDF6-40AD-A696-9AF72B6FD166}"
EndProject
Project("{8BC9CEB8-8B4A-11D0-8D11-00A0C91BC942}") = "ConsoleApplication1", "ConsoleApplication1\ConsoleApplication1.vcxproj", "{3431DE09-A5A3-42DC-8584-A923DBC79E92}"
EndProject
Project("{8BC9CEB8-8B4A-11D0-8D11-00A0C91BC942}") = "Convex", "Convex\Convex.vcxproj", "{14038205-9893-4BE0-BE9E-7322D5405E38}"
EndProject
Project("{8BC9CEB8-8B4A-11D0-8D11-00A0C91BC942}") = "MapContainer", "MapContainer\MapContainer.vcxproj", "{045BF0E4-B3D6-4AF8-A932-660ABBDD1AD0}"
EndProject
Project("{8BC9CEB8-8B4A-11D0-8D11-00A0C91BC942}") = "OkosMutatok", "OkosMutatok\OkosMutatok.vcxproj", "{E802C7DF-4BDB-4FAE-85BF-1D8647809B92}"
EndProject
Project("{8BC9CEB8-8B4A-11D0-8D11-00A0C91BC942}") = "OpenMP", "OpenMP\OpenMP.vcxproj", "{8857BE6E-3F6D-4F43-A5EE-0D4B161AA656}"
EndProject
Project("{8BC9CEB8-8B4A-11D0-8D11-00A0C91BC942}") = "OpenMP2", "OpenMP2\OpenMP2.vcxproj", "{09359A50-802D-497E-A4A7-6418FDBBB3C3}"
EndProject
Project("{8BC9CEB8-8B4A-11D0-8D11-00A0C91BC942}") = "OpenMp3", "OpenMp3\OpenMp3.vcxproj", "{38086849-9240-47E9-A241-D393A60850C9}"
EndProject
Project("{8BC9CEB8-8B4A-11D0-8D11-00A0C91BC942}") = "Optional", "Optional\Optional.vcxproj", "{E168E01E-8396-4129-9ACF-7A4B27CE4A22}"
EndProject
Project("{8BC9CEB8-8B4A-11D0-8D11-00A0C91BC942}") = "Container", "Project1\Project1.vcxproj", "{165F5A9F-77CD-459C-95B5-04EE0AA3EAD6}"
EndProject
Project("{8BC9CEB8-8B4A-11D0-8D11-00A0C91BC942}") = "TS", "TS\TS.vcxproj", "{B97E99EC-E797-4D20-954C-1B838F315123}"
EndProject
Project("{8BC9CEB8-8B4A-11D0-8D11-00A0C91BC942}") = "Verem2_lambda", "Verem2_lambda\Verem2_lambda.vcxproj", "{24A42940-A486-4216-89A5-5116C2BBC833}"
EndProject
Project("{8BC9CEB8-8B4A-11D0-8D11-00A0C91BC942}") = "VeremProj", "VeremProj\VeremProj.vcxproj", "{EEF729A9-27E0-4DF8-A331-F7FB052353CE}"
EndProject
Global
	GlobalSection(SolutionConfigurationPlatforms) = preSolution
		Debug|x64 = Debug|x64
		Debug|x86 = Debug|x86
		Release|x64 = Release|x64
		Release|x86 = Release|x86
	EndGlobalSection
	GlobalSection(ProjectConfigurationPlatforms) = postSolution
		{2F259F65-8059-426E-B57B-003AADF23755}.Debug|x64.ActiveCfg = Debug|x64
		{2F259F65-8059-426E-B57B-003AADF23755}.Debug|x64.Build.0 = Debug|x64
		{2F259F65-8059-426E-B57B-003AADF23755}.Debug|x86.ActiveCfg = Debug|Win32
		{2F259F65-8059-426E-B57B-003AADF23755}.Debug|x86.Build.0 = Debug|Win32
		{2F259F65-8059-426E-B57B-003AADF23755}.Release|x64.ActiveCfg = Release|x64
		{2F259F65-8059-426E-B57B-003AADF23755}.Release|x64.Build.0 = Release|x64
		{2F259F65-8059-426E-B57B-003AADF23755}.Release|x86.ActiveCfg = Release|Win32
		{2F259F65-8059-426E-B57B-003AADF23755}.Release|x86.Build.0 = Release|Win32
		{53A58D87-34ED-4DDF-8AD6-8566C8275ED7}.Debug|x64.ActiveCfg = Debug|x64
		{53A58D87-34ED-4DDF-8AD6-8566C8275ED7}.Debug|x64.Build.0 = Debug|x64
		{53A58D87-34ED-4DDF-8AD6-8566C8275ED7}.Debug|x86.ActiveCfg = Debug|Win32
		{53A58D87-34ED-4DDF-8AD6-8566C8275ED7}.Debug|x86.Build.0 = Debug|Win32
		{53A58D87-34ED-4DDF-8AD6-8566C8275ED7}.Release|x64.ActiveCfg = Release|x64
		{53A58D87-34ED-4DDF-8AD6-8566C8275ED7}.Release|x64.Build.0 = Release|x64
		{53A58D87-34ED-4DDF-8AD6-8566C8275ED7}.Release|x86.ActiveCfg = Release|Win32
		{53A58D87-34ED-4DDF-8AD6-8566C8275ED7}.Release|x86.Build.0 = Release|Win32
		{EE72BD0C-D6CC-4209-BF94-CAD8DF094594}.Debug|x64.ActiveCfg = Debug|x64
		{EE72BD0C-D6CC-4209-BF94-CAD8DF094594}.Debug|x64.Build.0 = Debug|x64
		{EE72BD0C-D6CC-4209-BF94-CAD8DF094594}.Debug|x86.ActiveCfg = Debug|Win32
		{EE72BD0C-D6CC-4209-BF94-CAD8DF094594}.Debug|x86.Build.0 = Debug|Win32
		{EE72BD0C-D6CC-4209-BF94-CAD8DF094594}.Release|x64.ActiveCfg = Release|x64
		{EE72BD0C-D6CC-4209-BF94-CAD8DF094594}.Release|x64.Build.0 = Release|x64
		{EE72BD0C-D6CC-4209-BF94-CAD8DF094594}.Release|x86.ActiveCfg = Release|Win32
		{EE72BD0C-D6CC-4209-BF94-CAD8DF094594}.Release|x86.Build.0 = Release|Win32
		{E7E1C876-1BDF-43FB-84EF-A2A749449DEA}.Debug|x64.ActiveCfg = Debug|x64
		{E7E1C876-1BDF-43FB-84EF-A2A749449DEA}.Debug|x64.Build.0 = Debug|x64
		{E7E1C876-1BDF-43FB-84EF-A2A749449DEA}.Debug|x86.ActiveCfg = Debug|Win32
		{E7E1C876-1BDF-43FB-84EF-A2A749449DEA}.Debug|x86.Build.0 = Debug|Win32
		{E7E1C876-1BDF-43FB-84EF-A2A749449DEA}.Release|x64.ActiveCfg = Release|x64
		{E7E1C876-1BDF-43FB-84EF-A2A749449DEA}.Release|x64.Build.0 = Release|x64
		{E7E1C876-1BDF-43FB-84EF-A2A749449DEA}.Release|x86.ActiveCfg = Release|Win32
		{E7E1C876-1BDF-43FB-84EF-A2A749449DEA}.Release|x86.Build.0 = Release|Win32
		{759361D4-9ACA-4968-A507-F9B3ED45864A}.Debug|x64.ActiveCfg = Debug|x64
		{759361D4-9ACA-4968-A507-F9B3ED45864A}.Debug|x64.Build.0 = Debug|x64
		{759361D4-9ACA-4968-A507-F9B3ED45864A}.Debug|x86.ActiveCfg = Debug|Win32
		{759361D4-9ACA-4968-A507-F9B3ED45864A}.Debug|x86.Build.0 = Debug|Win32
		{759361D4-9ACA-4968-A507-F9B3ED45864A}.Release|x64.ActiveCfg = Release|x64
		{759361D4-9ACA-4968-A507-F9B3ED45864A}.Release|x64.Build.0 = Release|x64
		{759361D4-9ACA-4968-A507-F9B3ED45864A}.Release|x86.ActiveCfg = Release|Win32
		{759361D4-9ACA-4968-A507-F9B3ED45864A}.Release|x86.Build.0 = Release|Win32
		{948BE024-BF46-4DEF-80F9-2BD96F4DF201}.Debug|x64.ActiveCfg = Debug|x64
		{948BE024-BF46-4DEF-80F9-2BD96F4DF201}.Debug|x64.Build.0 = Debug|x64
		{948BE024-BF46-4DEF-80F9-2BD96F4DF201}.Debug|x86.ActiveCfg = Debug|Win32
		{948BE024-BF46-4DEF-80F9-2BD96F4DF201}.Debug|x86.Build.0 = Debug|Win32
		{948BE024-BF46-4DEF-80F9-2BD96F4DF201}.Release|x64.ActiveCfg = Release|x64
		{948BE024-BF46-4DEF-80F9-2BD96F4DF201}.Release|x64.Build.0 = Release|x64
		{948BE024-BF46-4DEF-80F9-2BD96F4DF201}.Release|x86.ActiveCfg = Release|Win32
		{948BE024-BF46-4DEF-80F9-2BD96F4DF201}.Release|x86.Build.0 = Release|Win32
		{8539583B-1EA7-45DC-AA04-5771A346709F}.Debug|x64.ActiveCfg = Debug|x64
		{8539583B-1EA7-45DC-AA04-5771A346709F}.Debug|x64.Build.0 = Debug|x64
		{8539583B-1EA7-45DC-AA04-5771A346709F}.Debug|x86.ActiveCfg = Debug|Win32
		{8539583B-1EA7-45DC-AA04-5771A346709F}.Debug|x86.Build.0 = Debug|Win32
		{8539583B-1EA7-45DC-AA04-5771A346709F}.Release|x64.ActiveCfg = Release|x64
		{8539583B-1EA7-45DC-AA04-5771A346709F}.Release|x64.Build.0 = Release|x64
		{8539583B-1EA7-45DC-AA04-5771A346709F}.Release|x86.ActiveCfg = Release|Win32
		{8539583B-1EA7-45DC-AA04-5771A346709F}.Release|x86.Build.0 = Release|Win32
		{7456FC3C-605C-49FF-81D7-6E68298EAA3D}.Debug|x64.ActiveCfg = Debug|x64
		{7456FC3C-605C-49FF-81D7-6E68298EAA3D}.Debug|x64.Build.0 = Debug|x64
		{7456FC3C-605C-49FF-81D7-6E68298EAA3D}.Debug|x86.ActiveCfg = Debug|Win32
		{7456FC3C-605C-49FF-81D7-6E68298EAA3D}.Debug|x86.Build.0 = Debug|Win32
		{7456FC3C-605C-49FF-81D7-6E68298EAA3D}.Release|x64.ActiveCfg = Release|x64
		{7456FC3C-605C-49FF-81D7-6E68298EAA3D}.Release|x64.Build.0 = Release|x64
		{7456FC3C-605C-49FF-81D7-6E68298EAA3D}.Release|x86.ActiveCfg = Release|Win32
		{7456FC3C-605C-49FF-81D7-6E68298EAA3D}.Release|x86.Build.0 = Release|Win32
		{62651CD3-B37C-4DBE-BF70-CBA72BD58EAB}.Debug|x64.ActiveCfg = Debug|x64
		{62651CD3-B37C-4DBE-BF70-CBA72BD58EAB}.Debug|x64.Build.0 = Debug|x64
		{62651CD3-B37C-4DBE-BF70-CBA72BD58EAB}.Debug|x86.ActiveCfg = Debug|Win32
		{62651CD3-B37C-4DBE-BF70-CBA72BD58EAB}.Debug|x86.Build.0 = Debug|Win32
		{62651CD3-B37C-4DBE-BF70-CBA72BD58EAB}.Release|x64.ActiveCfg = Release|x64
		{62651CD3-B37C-4DBE-BF70-CBA72BD58EAB}.Release|x64.Build.0 = Release|x64
		{62651CD3-B37C-4DBE-BF70-CBA72BD58EAB}.Release|x86.ActiveCfg = Release|Win32
		{62651CD3-B37C-4DBE-BF70-CBA72BD58EAB}.Release|x86.Build.0 = Release|Win32
		{089F49AD-3BB2-474C-821F-0B9CCA4984E5}.Debug|x64.ActiveCfg = Debug|x64
		{089F49AD-3BB2-474C-821F-0B9CCA4984E5}.Debug|x64.Build.0 = Debug|x64
		{089F49AD-3BB2-474C-821F-0B9CCA4984E5}.Debug|x86.ActiveCfg = Debug|Win32
		{089F49AD-3BB2-474C-821F-0B9CCA4984E5}.Debug|x86.Build.0 = Debug|Win32
		{089F49AD-3BB2-474C-821F-0B9CCA4984E5}.Release|x64.ActiveCfg = Release|x64
		{089F49AD-3BB2-474C-821F-0B9CCA4984E5}.Release|x64.Build.0 = Release|x64
		{089F49AD-3BB2-474C-821F-0B9CCA4984E5}.Release|x86.ActiveCfg = Release|Win32
		{089F49AD-3BB2-474C-821F-0B9CCA4984E5}.Release|x86.Build.0 = Release|Win32
		{1BAD7BA7-DDF6-40AD-A696-9AF72B6FD166}.Debug|x64.ActiveCfg = Debug|x64
		{1BAD7BA7-DDF6-40AD-A696-9AF72B6FD166}.Debug|x64.Build.0 = Debug|x64
		{1BAD7BA7-DDF6-40AD-A696-9AF72B6FD166}.Debug|x86.ActiveCfg = Debug|Win32
		{1BAD7BA7-DDF6-40AD-A696-9AF72B6FD166}.Debug|x86.Build.0 = Debug|Win32
		{1BAD7BA7-DDF6-40AD-A696-9AF72B6FD166}.Release|x64.ActiveCfg = Release|x64
		{1BAD7BA7-DDF6-40AD-A696-9AF72B6FD166}.Release|x64.Build.0 = Release|x64
		{1BAD7BA7-DDF6-40AD-A696-9AF72B6FD166}.Release|x86.ActiveCfg = Release|Win32
		{1BAD7BA7-DDF6-40AD-A696-9AF72B6FD166}.Release|x86.Build.0 = Release|Win32
		{3431DE09-A5A3-42DC-8584-A923DBC79E92}.Debug|x64.ActiveCfg = Debug|x64
		{3431DE09-A5A3-42DC-8584-A923DBC79E92}.Debug|x64.Build.0 = Debug|x64
		{3431DE09-A5A3-42DC-8584-A923DBC79E92}.Debug|x86.ActiveCfg = Debug|Win32
		{3431DE09-A5A3-42DC-8584-A923DBC79E92}.Debug|x86.Build.0 = Debug|Win32
		{3431DE09-A5A3-42DC-8584-A923DBC79E92}.Release|x64.ActiveCfg = Release|x64
		{3431DE09-A5A3-42DC-8584-A923DBC79E92}.Release|x64.Build.0 = Release|x64
		{3431DE09-A5A3-42DC-8584-A923DBC79E92}.Release|x86.ActiveCfg = Release|Win32
		{3431DE09-A5A3-42DC-8584-A923DBC79E92}.Release|x86.Build.0 = Release|Win32
		{14038205-9893-4BE0-BE9E-7322D5405E38}.Debug|x64.ActiveCfg = Debug|x64
		{14038205-9893-4BE0-BE9E-7322D5405E38}.Debug|x64.Build.0 = Debug|x64
		{14038205-9893-4BE0-BE9E-7322D5405E38}.Debug|x86.ActiveCfg = Debug|Win32
		{14038205-9893-4BE0-BE9E-7322D5405E38}.Debug|x86.Build.0 = Debug|Win32
		{14038205-9893-4BE0-BE9E-7322D5405E38}.Release|x64.ActiveCfg = Release|x64
		{14038205-9893-4BE0-BE9E-7322D5405E38}.Release|x64.Build.0 = Release|x64
		{14038205-9893-4BE0-BE9E-7322D5405E38}.Release|x86.ActiveCfg = Release|Win32
		{14038205-9893-4BE0-BE9E-7322D5405E38}.Release|x86.Build.0 = Release|Win32
		{045BF0E4-B3D6-4AF8-A932-660ABBDD1AD0}.Debug|x64.ActiveCfg = Debug|x64
		{045BF0E4-B3D6-4AF8-A932-660ABBDD1AD0}.Debug|x64.Build.0 = Debug|x64
		{045BF0E4-B3D6-4AF8-A932-660ABBDD1AD0}.Debug|x86.ActiveCfg = Debug|Win32
		{045BF0E4-B3D6-4AF8-A932-660ABBDD1AD0}.Debug|x86.Build.0 = Debug|Win32
		{045BF0E4-B3D6-4AF8-A932-660ABBDD1AD0}.Release|x64.ActiveCfg = Release|x64
		{045BF0E4-B3D6-4AF8-A932-660ABBDD1AD0}.Release|x64.Build.0 = Release|x64
		{045BF0E4-B3D6-4AF8-A932-660ABBDD1AD0}.Release|x86.ActiveCfg = Release|Win32
		{045BF0E4-B3D6-4AF8-A932-660ABBDD1AD0}.Release|x86.Build.0 = Release|Win32
		{E802C7DF-4BDB-4FAE-85BF-1D8647809B92}.Debug|x64.ActiveCfg = Debug|x64
		{E802C7DF-4BDB-4FAE-85BF-1D8647809B92}.Debug|x64.Build.0 = Debug|x64
		{E802C7DF-4BDB-4FAE-85BF-1D8647809B92}.Debug|x86.ActiveCfg = Debug|Win32
		{E802C7DF-4BDB-4FAE-85BF-1D8647809B92}.Debug|x86.Build.0 = Debug|Win32
		{E802C7DF-4BDB-4FAE-85BF-1D8647809B92}.Release|x64.ActiveCfg = Release|x64
		{E802C7DF-4BDB-4FAE-85BF-1D8647809B92}.Release|x64.Build.0 = Release|x64
		{E802C7DF-4BDB-4FAE-85BF-1D8647809B92}.Release|x86.ActiveCfg = Release|Win32
		{E802C7DF-4BDB-4FAE-85BF-1D8647809B92}.Release|x86.Build.0 = Release|Win32
		{8857BE6E-3F6D-4F43-A5EE-0D4B161AA656}.Debug|x64.ActiveCfg = Debug|x64
		{8857BE6E-3F6D-4F43-A5EE-0D4B161AA656}.Debug|x64.Build.0 = Debug|x64
		{8857BE6E-3F6D-4F43-A5EE-0D4B161AA656}.Debug|x86.ActiveCfg = Debug|Win32
		{8857BE6E-3F6D-4F43-A5EE-0D4B161AA656}.Debug|x86.Build.0 = Debug|Win32
		{8857BE6E-3F6D-4F43-A5EE-0D4B161AA656}.Release|x64.ActiveCfg = Release|x64
		{8857BE6E-3F6D-4F43-A5EE-0D4B161AA656}.Release|x64.Build.0 = Release|x64
		{8857BE6E-3F6D-4F43-A5EE-0D4B161AA656}.Release|x86.ActiveCfg = Release|Win32
		{8857BE6E-3F6D-4F43-A5EE-0D4B161AA656}.Release|x86.Build.0 = Release|Win32
		{09359A50-802D-497E-A4A7-6418FDBBB3C3}.Debug|x64.ActiveCfg = Debug|x64
		{09359A50-802D-497E-A4A7-6418FDBBB3C3}.Debug|x64.Build.0 = Debug|x64
		{09359A50-802D-497E-A4A7-6418FDBBB3C3}.Debug|x86.ActiveCfg = Debug|Win32
		{09359A50-802D-497E-A4A7-6418FDBBB3C3}.Debug|x86.Build.0 = Debug|Win32
		{09359A50-802D-497E-A4A7-6418FDBBB3C3}.Release|x64.ActiveCfg = Release|x64
		{09359A50-802D-497E-A4A7-6418FDBBB3C3}.Release|x64.Build.0 = Release|x64
		{09359A50-802D-497E-A4A7-6418FDBBB3C3}.Release|x86.ActiveCfg = Release|Win32
		{09359A50-802D-497E-A4A7-6418FDBBB3C3}.Release|x86.Build.0 = Release|Win32
		{38086849-9240-47E9-A241-D393A60850C9}.Debug|x64.ActiveCfg = Debug|x64
		{38086849-9240-47E9-A241-D393A60850C9}.Debug|x64.Build.0 = Debug|x64
		{38086849-9240-47E9-A241-D393A60850C9}.Debug|x86.ActiveCfg = Debug|Win32
		{38086849-9240-47E9-A241-D393A60850C9}.Debug|x86.Build.0 = Debug|Win32
		{38086849-9240-47E9-A241-D393A60850C9}.Release|x64.ActiveCfg = Release|x64
		{38086849-9240-47E9-A241-D393A60850C9}.Release|x64.Build.0 = Release|x64
		{38086849-9240-47E9-A241-D393A60850C9}.Release|x86.ActiveCfg = Release|Win32
		{38086849-9240-47E9-A241-D393A60850C9}.Release|x86.Build.0 = Release|Win32
		{E168E01E-8396-4129-9ACF-7A4B27CE4A22}.Debug|x64.ActiveCfg = Debug|x64
		{E168E01E-8396-4129-9ACF-7A4B27CE4A22}.Debug|x64.Build.0 = Debug|x64
		{E168E01E-8396-4129-9ACF-7A4B27CE4A22}.Debug|x86.ActiveCfg = Debug|Win32
		{E168E01E-8396-4129-9ACF-7A4B27CE4A22}.Debug|x86.Build.0 = Debug|Win32
		{E168E01E-8396-4129-9ACF-7A4B27CE4A22}.Release|x64.ActiveCfg = Release|x64
		{E168E01E-8396-4129-9ACF-7A4B27CE4A22}.Release|x64.Build.0 = Release|x64
		{E168E01E-8396-4129-9ACF-7A4B27CE4A22}.Release|x86.ActiveCfg = Release|Win32
		{E168E01E-8396-4129-9ACF-7A4B27CE4A22}.Release|x86.Build.0 = Release|Win32
		{165F5A9F-77CD-459C-95B5-04EE0AA3EAD6}.Debug|x64.ActiveCfg = Debug|x64
		{165F5A9F-77CD-459C-95B5-04EE0AA3EAD6}.Debug|x64.Build.0 = Debug|x64
		{165F5A9F-77CD-459C-95B5-04EE0AA3EAD6}.Debug|x86.ActiveCfg = Debug|Win32
		{165F5A9F-77CD-459C-95B5-04EE0AA3EAD6}.Debug|x86.Build.0 = Debug|Win32
		{165F5A9F-77CD-459C-95B5-04EE0AA3EAD6}.Release|x64.ActiveCfg = Release|x64
		{165F5A9F-77CD-459C-95B5-04EE0AA3EAD6}.Release|x64.Build.0 = Release|x64
		{165F5A9F-77CD-459C-95B5-04EE0AA3EAD6}.Release|x86.ActiveCfg = Release|Win32
		{165F5A9F-77CD-459C-95B5-04EE0AA3EAD6}.Release|x86.Build.0 = Release|Win32
		{B97E99EC-E797-4D20-954C-1B838F315123}.Debug|x64.ActiveCfg = Debug|x64
		{B97E99EC-E797-4D20-954C-1B838F315123}.Debug|x64.Build.0 = Debug|x64
		{B97E99EC-E797-4D20-954C-1B838F315123}.Debug|x86.ActiveCfg = Debug|Win32
		{B97E99EC-E797-4D20-954C-1B838F315123}.Debug|x86.Build.0 = Debug|Win32
		{B97E99EC-E797-4D20-954C-1B838F315123}.Release|x64.ActiveCfg = Release|x64
		{B97E99EC-E797-4D20-954C-1B838F315123}.Release|x64.Build.0 = Release|x64
		{B97E99EC-E797-4D20-954C-1B838F315123}.Release|x86.ActiveCfg = Release|Win32
		{B97E99EC-E797-4D20-954C-1B838F315123}.Release|x86.Build.0 = Release|Win32
		{24A42940-A486-4216-89A5-5116C2BBC833}.Debug|x64.ActiveCfg = Debug|x64
		{24A42940-A486-4216-89A5-5116C2BBC833}.Debug|x64.Build.0 = Debug|x64
		{24A42940-A486-4216-89A5-5116C2BBC833}.Debug|x86.ActiveCfg = Debug|Win32
		{24A42940-A486-4216-89A5-5116C2BBC833}.Debug|x86.Build.0 = Debug|Win32
		{24A42940-A486-4216-89A5-5116C2BBC833}.Release|x64.ActiveCfg = Release|x64
		{24A42940-A486-4216-89A5-5116C2BBC833}.Release|x64.Build.0 = Release|x64
		{24A42940-A486-4216-89A5-5116C2BBC833}.Release|x86.ActiveCfg = Release|Win32
		{24A42940-A486-4216-89A5-5116C2BBC833}.Release|x86.Build.0 = Release|Win32
		{EEF729A9-27E0-4DF8-A331-F7FB052353CE}.Debug|x64.ActiveCfg = Debug|x64
		{EEF729A9-27E0-4DF8-A331-F7FB052353CE}.Debug|x64.Build.0 = Debug|x64
		{EEF729A9-27E0-4DF8-A331-F7FB052353CE}.Debug|x86.ActiveCfg = Debug|Win32
		{EEF729A9-27E0-4DF8-A331-F7FB052353CE}.Debug|x86.Build.0 = Debug|Win32
		{EEF729A9-27E0-4DF8-A331-F7FB052353CE}.Release|x64.ActiveCfg = Release|x64
		{EEF729A9-27E0-4DF8-A331-F7FB052353CE}.Release|x64.Build.0 = Release|x64
		{EEF729A9-27E0-4DF8-A331-F7FB052353CE}.Release|x86.ActiveCfg = Release|Win32
		{EEF729A9-27E0-4DF8-A331-F7FB052353CE}.Release|x86.Build.0 = Release|Win32
	EndGlobalSection
	GlobalSection(SolutionProperties) = preSolution
		HideSolutionNode = FALSE
	EndGlobalSection
	GlobalSection(ExtensibilityGlobals) = postSolution
		SolutionGuid = {14126680-0C25-4FA0-BABF-4B740866D72A}
	EndGlobalSection
EndGlobal
